
Microsoft Visual Studio Solution File, Format Version 12.00
# Visual Studio Version 17
VisualStudioVersion = 17.4.33103.184
MinimumVisualStudioVersion = 10.0.40219.1
Project("{9A19103F-16F7-4668-BE54-9A1E7A4F7556}") = "Customer.Management.Api", "Customer.Management.Api.csproj", "{B6F822AA-650A-45D0-A6CE-FAC255F3D41B}"
EndProject
Global
	GlobalSection(SolutionConfigurationPlatforms) = preSolution
		Debug|Any CPU = Debug|Any CPU
		Release|Any CPU = Release|Any CPU
	EndGlobalSection
	GlobalSection(ProjectConfigurationPlatforms) = postSolution
		{B6F822AA-650A-45D0-A6CE-FAC255F3D41B}.Debug|Any CPU.ActiveCfg = Debug|Any CPU
		{B6F822AA-650A-45D0-A6CE-FAC255F3D41B}.Debug|Any CPU.Build.0 = Debug|Any CPU
		{B6F822AA-650A-45D0-A6CE-FAC255F3D41B}.Release|Any CPU.ActiveCfg = Release|Any CPU
		{B6F822AA-650A-45D0-A6CE-FAC255F3D41B}.Release|Any CPU.Build.0 = Release|Any CPU
	EndGlobalSection
	GlobalSection(SolutionProperties) = preSolution
		HideSolutionNode = FALSE
	EndGlobalSection
	GlobalSection(ExtensibilityGlobals) = postSolution
		SolutionGuid = {201A4C8A-D943-45A8-AB71-07D2596FBA87}
	EndGlobalSection
EndGlobal
